// !$*UTF8*$!
{
	archiveVersion = 1;
	classes = {
	};
	objectVersion = 46;
	objects = {

/* Begin PBXBuildFile section */
		112605181E2645A100DC3381 /* Constants.swift in Sources */ = {isa = PBXBuildFile; fileRef = 112605171E2645A100DC3381 /* Constants.swift */; };
		1126051A1E27708200DC3381 /* LegendCell.swift in Sources */ = {isa = PBXBuildFile; fileRef = 112605191E27708200DC3381 /* LegendCell.swift */; };
		1126051C1E27769400DC3381 /* MappingVC.swift in Sources */ = {isa = PBXBuildFile; fileRef = 1126051B1E27769400DC3381 /* MappingVC.swift */; };
		1126051E1E278A7300DC3381 /* Functions.swift in Sources */ = {isa = PBXBuildFile; fileRef = 1126051D1E278A7300DC3381 /* Functions.swift */; };
		112605201E279DE000DC3381 /* Style.swift in Sources */ = {isa = PBXBuildFile; fileRef = 1126051F1E279DE000DC3381 /* Style.swift */; };
		112674811E3896D5001ED42F /* EntryNoteVC.swift in Sources */ = {isa = PBXBuildFile; fileRef = 112674801E3896D5001ED42F /* EntryNoteVC.swift */; };
		114122CB1E4320B100F664E8 /* MappingMenuVC.swift in Sources */ = {isa = PBXBuildFile; fileRef = 114122CA1E4320B100F664E8 /* MappingMenuVC.swift */; };
		1158F1CA1E2E2032002B3FEB /* EntryCell.swift in Sources */ = {isa = PBXBuildFile; fileRef = 1158F1C91E2E2032002B3FEB /* EntryCell.swift */; };
		1158F1CC1E2E3336002B3FEB /* MappingView.swift in Sources */ = {isa = PBXBuildFile; fileRef = 1158F1CB1E2E3336002B3FEB /* MappingView.swift */; };
		1174CBAE1E1E364900D6E59A /* AppDelegate.swift in Sources */ = {isa = PBXBuildFile; fileRef = 1174CBAD1E1E364900D6E59A /* AppDelegate.swift */; };
		1174CBB01E1E364900D6E59A /* StartVC.swift in Sources */ = {isa = PBXBuildFile; fileRef = 1174CBAF1E1E364900D6E59A /* StartVC.swift */; };
		1174CBB31E1E364900D6E59A /* Main.storyboard in Resources */ = {isa = PBXBuildFile; fileRef = 1174CBB11E1E364900D6E59A /* Main.storyboard */; };
		1174CBB61E1E364900D6E59A /* Behavorial_Mapper.xcdatamodeld in Sources */ = {isa = PBXBuildFile; fileRef = 1174CBB41E1E364900D6E59A /* Behavorial_Mapper.xcdatamodeld */; };
		1174CBB81E1E364900D6E59A /* Assets.xcassets in Resources */ = {isa = PBXBuildFile; fileRef = 1174CBB71E1E364900D6E59A /* Assets.xcassets */; };
		1174CBBB1E1E364900D6E59A /* LaunchScreen.storyboard in Resources */ = {isa = PBXBuildFile; fileRef = 1174CBB91E1E364900D6E59A /* LaunchScreen.storyboard */; };
		1174CBC61E1E364900D6E59A /* Behavorial_MapperTests.swift in Sources */ = {isa = PBXBuildFile; fileRef = 1174CBC51E1E364900D6E59A /* Behavorial_MapperTests.swift */; };
		1174CBD11E1E364900D6E59A /* Behavorial_MapperUITests.swift in Sources */ = {isa = PBXBuildFile; fileRef = 1174CBD01E1E364900D6E59A /* Behavorial_MapperUITests.swift */; };
		1174CBE21E1E3A9D00D6E59A /* Project.swift in Sources */ = {isa = PBXBuildFile; fileRef = 1174CBE11E1E3A9D00D6E59A /* Project.swift */; };
		1174CBE61E1E41C100D6E59A /* Location.swift in Sources */ = {isa = PBXBuildFile; fileRef = 1174CBE51E1E41C100D6E59A /* Location.swift */; };
		1174CBE81E1E435100D6E59A /* Legend.swift in Sources */ = {isa = PBXBuildFile; fileRef = 1174CBE71E1E435100D6E59A /* Legend.swift */; };
		1174CBEA1E1E47AC00D6E59A /* Entry.swift in Sources */ = {isa = PBXBuildFile; fileRef = 1174CBE91E1E47AC00D6E59A /* Entry.swift */; };
		11E06EC61E2374F400B43047 /* CreateProjectVC.swift in Sources */ = {isa = PBXBuildFile; fileRef = 11E06EC51E2374F400B43047 /* CreateProjectVC.swift */; };
		11E06EC81E237BE600B43047 /* CreateProjectView.swift in Sources */ = {isa = PBXBuildFile; fileRef = 11E06EC71E237BE600B43047 /* CreateProjectView.swift */; };
		11E06ECA1E2393ED00B43047 /* LegendButton.swift in Sources */ = {isa = PBXBuildFile; fileRef = 11E06EC91E2393ED00B43047 /* LegendButton.swift */; };
		11E06EF61E261EBB00B43047 /* IconSelectVC.swift in Sources */ = {isa = PBXBuildFile; fileRef = 11E06EF51E261EBB00B43047 /* IconSelectVC.swift */; };
		11E06EF81E26294100B43047 /* IconCell.swift in Sources */ = {isa = PBXBuildFile; fileRef = 11E06EF71E26294100B43047 /* IconCell.swift */; };
		11FA8F841E1F8CA600B362AD /* StartScreenMenu.swift in Sources */ = {isa = PBXBuildFile; fileRef = 11FA8F831E1F8CA600B362AD /* StartScreenMenu.swift */; };
		3C67D12518208DBF2342FDCD /* libPods-Behavorial Mapper.a in Frameworks */ = {isa = PBXBuildFile; fileRef = BFA5F4E8E0C62220DFD4408C /* libPods-Behavorial Mapper.a */; };
		A841F3121E3609C300FD0120 /* JSONSerializable.swift in Sources */ = {isa = PBXBuildFile; fileRef = A841F3111E3609C300FD0120 /* JSONSerializable.swift */; };
		A882FC341E26178C00C7C1E0 /* GMapsVC.swift in Sources */ = {isa = PBXBuildFile; fileRef = A882FC331E26178C00C7C1E0 /* GMapsVC.swift */; };
		A8EC9BAB1E26149000359E80 /* Podfile in Resources */ = {isa = PBXBuildFile; fileRef = A8EC9BAA1E26149000359E80 /* Podfile */; };
		A8EEA7271E2774D200FDE6E8 /* CSVSerializable.swift in Sources */ = {isa = PBXBuildFile; fileRef = A8EEA7261E2774D200FDE6E8 /* CSVSerializable.swift */; };
/* End PBXBuildFile section */

/* Begin PBXContainerItemProxy section */
		1174CBC21E1E364900D6E59A /* PBXContainerItemProxy */ = {
			isa = PBXContainerItemProxy;
			containerPortal = 1174CBA21E1E364800D6E59A /* Project object */;
			proxyType = 1;
			remoteGlobalIDString = 1174CBA91E1E364800D6E59A;
			remoteInfo = "Behavorial Mapper";
		};
		1174CBCD1E1E364900D6E59A /* PBXContainerItemProxy */ = {
			isa = PBXContainerItemProxy;
			containerPortal = 1174CBA21E1E364800D6E59A /* Project object */;
			proxyType = 1;
			remoteGlobalIDString = 1174CBA91E1E364800D6E59A;
			remoteInfo = "Behavorial Mapper";
		};
/* End PBXContainerItemProxy section */

/* Begin PBXFileReference section */
		112605171E2645A100DC3381 /* Constants.swift */ = {isa = PBXFileReference; fileEncoding = 4; lastKnownFileType = sourcecode.swift; path = Constants.swift; sourceTree = "<group>"; };
		112605191E27708200DC3381 /* LegendCell.swift */ = {isa = PBXFileReference; fileEncoding = 4; lastKnownFileType = sourcecode.swift; path = LegendCell.swift; sourceTree = "<group>"; };
		1126051B1E27769400DC3381 /* MappingVC.swift */ = {isa = PBXFileReference; fileEncoding = 4; lastKnownFileType = sourcecode.swift; path = MappingVC.swift; sourceTree = "<group>"; };
		1126051D1E278A7300DC3381 /* Functions.swift */ = {isa = PBXFileReference; fileEncoding = 4; lastKnownFileType = sourcecode.swift; path = Functions.swift; sourceTree = "<group>"; };
		1126051F1E279DE000DC3381 /* Style.swift */ = {isa = PBXFileReference; fileEncoding = 4; lastKnownFileType = sourcecode.swift; path = Style.swift; sourceTree = "<group>"; };
		112674801E3896D5001ED42F /* EntryNoteVC.swift */ = {isa = PBXFileReference; fileEncoding = 4; lastKnownFileType = sourcecode.swift; path = EntryNoteVC.swift; sourceTree = "<group>"; };
		114122CA1E4320B100F664E8 /* MappingMenuVC.swift */ = {isa = PBXFileReference; fileEncoding = 4; lastKnownFileType = sourcecode.swift; path = MappingMenuVC.swift; sourceTree = "<group>"; };
		1158F1C91E2E2032002B3FEB /* EntryCell.swift */ = {isa = PBXFileReference; fileEncoding = 4; lastKnownFileType = sourcecode.swift; path = EntryCell.swift; sourceTree = "<group>"; };
		1158F1CB1E2E3336002B3FEB /* MappingView.swift */ = {isa = PBXFileReference; fileEncoding = 4; lastKnownFileType = sourcecode.swift; path = MappingView.swift; sourceTree = "<group>"; };
		1174CBAA1E1E364900D6E59A /* Behavorial Mapper.app */ = {isa = PBXFileReference; explicitFileType = wrapper.application; includeInIndex = 0; path = "Behavorial Mapper.app"; sourceTree = BUILT_PRODUCTS_DIR; };
		1174CBAD1E1E364900D6E59A /* AppDelegate.swift */ = {isa = PBXFileReference; lastKnownFileType = sourcecode.swift; path = AppDelegate.swift; sourceTree = "<group>"; };
		1174CBAF1E1E364900D6E59A /* StartVC.swift */ = {isa = PBXFileReference; lastKnownFileType = sourcecode.swift; path = StartVC.swift; sourceTree = "<group>"; };
		1174CBB21E1E364900D6E59A /* Base */ = {isa = PBXFileReference; lastKnownFileType = file.storyboard; name = Base; path = Base.lproj/Main.storyboard; sourceTree = "<group>"; };
		1174CBB51E1E364900D6E59A /* Behavorial_Mapper.xcdatamodel */ = {isa = PBXFileReference; lastKnownFileType = wrapper.xcdatamodel; path = Behavorial_Mapper.xcdatamodel; sourceTree = "<group>"; };
		1174CBB71E1E364900D6E59A /* Assets.xcassets */ = {isa = PBXFileReference; lastKnownFileType = folder.assetcatalog; path = Assets.xcassets; sourceTree = "<group>"; };
		1174CBBA1E1E364900D6E59A /* Base */ = {isa = PBXFileReference; lastKnownFileType = file.storyboard; name = Base; path = Base.lproj/LaunchScreen.storyboard; sourceTree = "<group>"; };
		1174CBBC1E1E364900D6E59A /* Info.plist */ = {isa = PBXFileReference; lastKnownFileType = text.plist.xml; path = Info.plist; sourceTree = "<group>"; };
		1174CBC11E1E364900D6E59A /* Behavorial MapperTests.xctest */ = {isa = PBXFileReference; explicitFileType = wrapper.cfbundle; includeInIndex = 0; path = "Behavorial MapperTests.xctest"; sourceTree = BUILT_PRODUCTS_DIR; };
		1174CBC51E1E364900D6E59A /* Behavorial_MapperTests.swift */ = {isa = PBXFileReference; lastKnownFileType = sourcecode.swift; path = Behavorial_MapperTests.swift; sourceTree = "<group>"; };
		1174CBC71E1E364900D6E59A /* Info.plist */ = {isa = PBXFileReference; lastKnownFileType = text.plist.xml; path = Info.plist; sourceTree = "<group>"; };
		1174CBCC1E1E364900D6E59A /* Behavorial MapperUITests.xctest */ = {isa = PBXFileReference; explicitFileType = wrapper.cfbundle; includeInIndex = 0; path = "Behavorial MapperUITests.xctest"; sourceTree = BUILT_PRODUCTS_DIR; };
		1174CBD01E1E364900D6E59A /* Behavorial_MapperUITests.swift */ = {isa = PBXFileReference; lastKnownFileType = sourcecode.swift; path = Behavorial_MapperUITests.swift; sourceTree = "<group>"; };
		1174CBD21E1E364900D6E59A /* Info.plist */ = {isa = PBXFileReference; lastKnownFileType = text.plist.xml; path = Info.plist; sourceTree = "<group>"; };
		1174CBE11E1E3A9D00D6E59A /* Project.swift */ = {isa = PBXFileReference; fileEncoding = 4; lastKnownFileType = sourcecode.swift; path = Project.swift; sourceTree = "<group>"; };
		1174CBE51E1E41C100D6E59A /* Location.swift */ = {isa = PBXFileReference; fileEncoding = 4; lastKnownFileType = sourcecode.swift; path = Location.swift; sourceTree = "<group>"; };
		1174CBE71E1E435100D6E59A /* Legend.swift */ = {isa = PBXFileReference; fileEncoding = 4; lastKnownFileType = sourcecode.swift; path = Legend.swift; sourceTree = "<group>"; };
		1174CBE91E1E47AC00D6E59A /* Entry.swift */ = {isa = PBXFileReference; fileEncoding = 4; lastKnownFileType = sourcecode.swift; path = Entry.swift; sourceTree = "<group>"; };
		11E06EC51E2374F400B43047 /* CreateProjectVC.swift */ = {isa = PBXFileReference; fileEncoding = 4; lastKnownFileType = sourcecode.swift; path = CreateProjectVC.swift; sourceTree = "<group>"; };
		11E06EC71E237BE600B43047 /* CreateProjectView.swift */ = {isa = PBXFileReference; fileEncoding = 4; lastKnownFileType = sourcecode.swift; path = CreateProjectView.swift; sourceTree = "<group>"; };
		11E06EC91E2393ED00B43047 /* LegendButton.swift */ = {isa = PBXFileReference; fileEncoding = 4; lastKnownFileType = sourcecode.swift; path = LegendButton.swift; sourceTree = "<group>"; };
		11E06EF51E261EBB00B43047 /* IconSelectVC.swift */ = {isa = PBXFileReference; fileEncoding = 4; lastKnownFileType = sourcecode.swift; path = IconSelectVC.swift; sourceTree = "<group>"; };
		11E06EF71E26294100B43047 /* IconCell.swift */ = {isa = PBXFileReference; fileEncoding = 4; lastKnownFileType = sourcecode.swift; path = IconCell.swift; sourceTree = "<group>"; };
		11FA8F831E1F8CA600B362AD /* StartScreenMenu.swift */ = {isa = PBXFileReference; fileEncoding = 4; lastKnownFileType = sourcecode.swift; path = StartScreenMenu.swift; sourceTree = "<group>"; };
		38458F48E9A1FC85C43A5D13 /* Pods-Behavorial Mapper.release.xcconfig */ = {isa = PBXFileReference; includeInIndex = 1; lastKnownFileType = text.xcconfig; name = "Pods-Behavorial Mapper.release.xcconfig"; path = "Pods/Target Support Files/Pods-Behavorial Mapper/Pods-Behavorial Mapper.release.xcconfig"; sourceTree = "<group>"; };
		A841F3111E3609C300FD0120 /* JSONSerializable.swift */ = {isa = PBXFileReference; fileEncoding = 4; lastKnownFileType = sourcecode.swift; path = JSONSerializable.swift; sourceTree = "<group>"; };
		A882FC331E26178C00C7C1E0 /* GMapsVC.swift */ = {isa = PBXFileReference; fileEncoding = 4; lastKnownFileType = sourcecode.swift; path = GMapsVC.swift; sourceTree = "<group>"; };
		A8EC9BAA1E26149000359E80 /* Podfile */ = {isa = PBXFileReference; fileEncoding = 4; lastKnownFileType = text; path = Podfile; sourceTree = "<group>"; xcLanguageSpecificationIdentifier = xcode.lang.ruby; };
		A8EEA7261E2774D200FDE6E8 /* CSVSerializable.swift */ = {isa = PBXFileReference; fileEncoding = 4; lastKnownFileType = sourcecode.swift; path = CSVSerializable.swift; sourceTree = "<group>"; };
		BFA5F4E8E0C62220DFD4408C /* libPods-Behavorial Mapper.a */ = {isa = PBXFileReference; explicitFileType = archive.ar; includeInIndex = 0; path = "libPods-Behavorial Mapper.a"; sourceTree = BUILT_PRODUCTS_DIR; };
		F325F1C274A16887904AB249 /* Pods-Behavorial Mapper.debug.xcconfig */ = {isa = PBXFileReference; includeInIndex = 1; lastKnownFileType = text.xcconfig; name = "Pods-Behavorial Mapper.debug.xcconfig"; path = "Pods/Target Support Files/Pods-Behavorial Mapper/Pods-Behavorial Mapper.debug.xcconfig"; sourceTree = "<group>"; };
/* End PBXFileReference section */

/* Begin PBXFrameworksBuildPhase section */
		1174CBA71E1E364800D6E59A /* Frameworks */ = {
			isa = PBXFrameworksBuildPhase;
			buildActionMask = 2147483647;
			files = (
				3C67D12518208DBF2342FDCD /* libPods-Behavorial Mapper.a in Frameworks */,
			);
			runOnlyForDeploymentPostprocessing = 0;
		};
		1174CBBE1E1E364900D6E59A /* Frameworks */ = {
			isa = PBXFrameworksBuildPhase;
			buildActionMask = 2147483647;
			files = (
			);
			runOnlyForDeploymentPostprocessing = 0;
		};
		1174CBC91E1E364900D6E59A /* Frameworks */ = {
			isa = PBXFrameworksBuildPhase;
			buildActionMask = 2147483647;
			files = (
			);
			runOnlyForDeploymentPostprocessing = 0;
		};
/* End PBXFrameworksBuildPhase section */

/* Begin PBXGroup section */
		0470294E81130E68DFBC1DB4 /* Pods */ = {
			isa = PBXGroup;
			children = (
				F325F1C274A16887904AB249 /* Pods-Behavorial Mapper.debug.xcconfig */,
				38458F48E9A1FC85C43A5D13 /* Pods-Behavorial Mapper.release.xcconfig */,
			);
			name = Pods;
			sourceTree = "<group>";
		};
		112605161E26458D00DC3381 /* Util */ = {
			isa = PBXGroup;
			children = (
				112605171E2645A100DC3381 /* Constants.swift */,
				1126051D1E278A7300DC3381 /* Functions.swift */,
				1126051F1E279DE000DC3381 /* Style.swift */,
			);
			name = Util;
			sourceTree = "<group>";
		};
		1174CBA11E1E364800D6E59A = {
			isa = PBXGroup;
			children = (
				A8EC9BAA1E26149000359E80 /* Podfile */,
				1174CBAC1E1E364900D6E59A /* Behavorial Mapper */,
				1174CBC41E1E364900D6E59A /* Behavorial MapperTests */,
				1174CBCF1E1E364900D6E59A /* Behavorial MapperUITests */,
				1174CBAB1E1E364900D6E59A /* Products */,
				0470294E81130E68DFBC1DB4 /* Pods */,
				750F04E1925BEB00463CF25C /* Frameworks */,
			);
			sourceTree = "<group>";
		};
		1174CBAB1E1E364900D6E59A /* Products */ = {
			isa = PBXGroup;
			children = (
				1174CBAA1E1E364900D6E59A /* Behavorial Mapper.app */,
				1174CBC11E1E364900D6E59A /* Behavorial MapperTests.xctest */,
				1174CBCC1E1E364900D6E59A /* Behavorial MapperUITests.xctest */,
			);
			name = Products;
			sourceTree = "<group>";
		};
		1174CBAC1E1E364900D6E59A /* Behavorial Mapper */ = {
			isa = PBXGroup;
			children = (
				1174CBE01E1E38A700D6E59A /* Model */,
				1174CBDF1E1E38A100D6E59A /* View */,
				1174CBDE1E1E389100D6E59A /* Controller */,
				112605161E26458D00DC3381 /* Util */,
				1174CBAD1E1E364900D6E59A /* AppDelegate.swift */,
				1174CBB11E1E364900D6E59A /* Main.storyboard */,
				1174CBB71E1E364900D6E59A /* Assets.xcassets */,
				1174CBB91E1E364900D6E59A /* LaunchScreen.storyboard */,
				1174CBBC1E1E364900D6E59A /* Info.plist */,
				1174CBB41E1E364900D6E59A /* Behavorial_Mapper.xcdatamodeld */,
			);
			path = "Behavorial Mapper";
			sourceTree = "<group>";
		};
		1174CBC41E1E364900D6E59A /* Behavorial MapperTests */ = {
			isa = PBXGroup;
			children = (
				1174CBC51E1E364900D6E59A /* Behavorial_MapperTests.swift */,
				1174CBC71E1E364900D6E59A /* Info.plist */,
			);
			path = "Behavorial MapperTests";
			sourceTree = "<group>";
		};
		1174CBCF1E1E364900D6E59A /* Behavorial MapperUITests */ = {
			isa = PBXGroup;
			children = (
				1174CBD01E1E364900D6E59A /* Behavorial_MapperUITests.swift */,
				1174CBD21E1E364900D6E59A /* Info.plist */,
			);
			path = "Behavorial MapperUITests";
			sourceTree = "<group>";
		};
		1174CBDE1E1E389100D6E59A /* Controller */ = {
			isa = PBXGroup;
			children = (
				1174CBAF1E1E364900D6E59A /* StartVC.swift */,
				11E06EC51E2374F400B43047 /* CreateProjectVC.swift */,
				A882FC331E26178C00C7C1E0 /* GMapsVC.swift */,
				11E06EF51E261EBB00B43047 /* IconSelectVC.swift */,
				1126051B1E27769400DC3381 /* MappingVC.swift */,
				112674801E3896D5001ED42F /* EntryNoteVC.swift */,
				114122CA1E4320B100F664E8 /* MappingMenuVC.swift */,
			);
			name = Controller;
			sourceTree = "<group>";
		};
		1174CBDF1E1E38A100D6E59A /* View */ = {
			isa = PBXGroup;
			children = (
				11FA8F831E1F8CA600B362AD /* StartScreenMenu.swift */,
				11E06EC71E237BE600B43047 /* CreateProjectView.swift */,
				11E06EC91E2393ED00B43047 /* LegendButton.swift */,
				11E06EF71E26294100B43047 /* IconCell.swift */,
				112605191E27708200DC3381 /* LegendCell.swift */,
				1158F1C91E2E2032002B3FEB /* EntryCell.swift */,
				1158F1CB1E2E3336002B3FEB /* MappingView.swift */,
			);
			name = View;
			sourceTree = "<group>";
		};
		1174CBE01E1E38A700D6E59A /* Model */ = {
			isa = PBXGroup;
			children = (
				A8EEA7251E2774BE00FDE6E8 /* Protocols */,
				1174CBE11E1E3A9D00D6E59A /* Project.swift */,
				1174CBE51E1E41C100D6E59A /* Location.swift */,
				1174CBE71E1E435100D6E59A /* Legend.swift */,
				1174CBE91E1E47AC00D6E59A /* Entry.swift */,
			);
			name = Model;
			sourceTree = "<group>";
		};
		750F04E1925BEB00463CF25C /* Frameworks */ = {
			isa = PBXGroup;
			children = (
				BFA5F4E8E0C62220DFD4408C /* libPods-Behavorial Mapper.a */,
			);
			name = Frameworks;
			sourceTree = "<group>";
		};
		A8EEA7251E2774BE00FDE6E8 /* Protocols */ = {
			isa = PBXGroup;
			children = (
				A8EEA7261E2774D200FDE6E8 /* CSVSerializable.swift */,
				A841F3111E3609C300FD0120 /* JSONSerializable.swift */,
			);
			name = Protocols;
			sourceTree = "<group>";
		};
/* End PBXGroup section */

/* Begin PBXNativeTarget section */
		1174CBA91E1E364800D6E59A /* Behavorial Mapper */ = {
			isa = PBXNativeTarget;
			buildConfigurationList = 1174CBD51E1E364900D6E59A /* Build configuration list for PBXNativeTarget "Behavorial Mapper" */;
			buildPhases = (
				FA4E010EAFCB9D95A63BB2B9 /* [CP] Check Pods Manifest.lock */,
				1174CBA61E1E364800D6E59A /* Sources */,
				1174CBA71E1E364800D6E59A /* Frameworks */,
				1174CBA81E1E364800D6E59A /* Resources */,
				D449D116B9C7E33F78D3DFCB /* [CP] Embed Pods Frameworks */,
				4AE97D71C77AB4D02F60EEAE /* [CP] Copy Pods Resources */,
			);
			buildRules = (
			);
			dependencies = (
			);
			name = "Behavorial Mapper";
			productName = "Behavorial Mapper";
			productReference = 1174CBAA1E1E364900D6E59A /* Behavorial Mapper.app */;
			productType = "com.apple.product-type.application";
		};
		1174CBC01E1E364900D6E59A /* Behavorial MapperTests */ = {
			isa = PBXNativeTarget;
			buildConfigurationList = 1174CBD81E1E364900D6E59A /* Build configuration list for PBXNativeTarget "Behavorial MapperTests" */;
			buildPhases = (
				1174CBBD1E1E364900D6E59A /* Sources */,
				1174CBBE1E1E364900D6E59A /* Frameworks */,
				1174CBBF1E1E364900D6E59A /* Resources */,
			);
			buildRules = (
			);
			dependencies = (
				1174CBC31E1E364900D6E59A /* PBXTargetDependency */,
			);
			name = "Behavorial MapperTests";
			productName = "Behavorial MapperTests";
			productReference = 1174CBC11E1E364900D6E59A /* Behavorial MapperTests.xctest */;
			productType = "com.apple.product-type.bundle.unit-test";
		};
		1174CBCB1E1E364900D6E59A /* Behavorial MapperUITests */ = {
			isa = PBXNativeTarget;
			buildConfigurationList = 1174CBDB1E1E364900D6E59A /* Build configuration list for PBXNativeTarget "Behavorial MapperUITests" */;
			buildPhases = (
				1174CBC81E1E364900D6E59A /* Sources */,
				1174CBC91E1E364900D6E59A /* Frameworks */,
				1174CBCA1E1E364900D6E59A /* Resources */,
			);
			buildRules = (
			);
			dependencies = (
				1174CBCE1E1E364900D6E59A /* PBXTargetDependency */,
			);
			name = "Behavorial MapperUITests";
			productName = "Behavorial MapperUITests";
			productReference = 1174CBCC1E1E364900D6E59A /* Behavorial MapperUITests.xctest */;
			productType = "com.apple.product-type.bundle.ui-testing";
		};
/* End PBXNativeTarget section */

/* Begin PBXProject section */
		1174CBA21E1E364800D6E59A /* Project object */ = {
			isa = PBXProject;
			attributes = {
				LastSwiftUpdateCheck = 0820;
				LastUpgradeCheck = 0820;
				ORGANIZATIONNAME = Alexander;
				TargetAttributes = {
					1174CBA91E1E364800D6E59A = {
						CreatedOnToolsVersion = 8.2.1;
						DevelopmentTeam = CJPUPM74U8;
						ProvisioningStyle = Automatic;
					};
					1174CBC01E1E364900D6E59A = {
						CreatedOnToolsVersion = 8.2.1;
						DevelopmentTeam = CJPUPM74U8;
						ProvisioningStyle = Automatic;
						TestTargetID = 1174CBA91E1E364800D6E59A;
					};
					1174CBCB1E1E364900D6E59A = {
						CreatedOnToolsVersion = 8.2.1;
						DevelopmentTeam = CJPUPM74U8;
						ProvisioningStyle = Automatic;
						TestTargetID = 1174CBA91E1E364800D6E59A;
					};
				};
			};
			buildConfigurationList = 1174CBA51E1E364800D6E59A /* Build configuration list for PBXProject "Behavorial Mapper" */;
			compatibilityVersion = "Xcode 3.2";
			developmentRegion = English;
			hasScannedForEncodings = 0;
			knownRegions = (
				en,
				Base,
			);
			mainGroup = 1174CBA11E1E364800D6E59A;
			productRefGroup = 1174CBAB1E1E364900D6E59A /* Products */;
			projectDirPath = "";
			projectRoot = "";
			targets = (
				1174CBA91E1E364800D6E59A /* Behavorial Mapper */,
				1174CBC01E1E364900D6E59A /* Behavorial MapperTests */,
				1174CBCB1E1E364900D6E59A /* Behavorial MapperUITests */,
			);
		};
/* End PBXProject section */

/* Begin PBXResourcesBuildPhase section */
		1174CBA81E1E364800D6E59A /* Resources */ = {
			isa = PBXResourcesBuildPhase;
			buildActionMask = 2147483647;
			files = (
				1174CBBB1E1E364900D6E59A /* LaunchScreen.storyboard in Resources */,
				1174CBB81E1E364900D6E59A /* Assets.xcassets in Resources */,
				A8EC9BAB1E26149000359E80 /* Podfile in Resources */,
				1174CBB31E1E364900D6E59A /* Main.storyboard in Resources */,
			);
			runOnlyForDeploymentPostprocessing = 0;
		};
		1174CBBF1E1E364900D6E59A /* Resources */ = {
			isa = PBXResourcesBuildPhase;
			buildActionMask = 2147483647;
			files = (
			);
			runOnlyForDeploymentPostprocessing = 0;
		};
		1174CBCA1E1E364900D6E59A /* Resources */ = {
			isa = PBXResourcesBuildPhase;
			buildActionMask = 2147483647;
			files = (
			);
			runOnlyForDeploymentPostprocessing = 0;
		};
/* End PBXResourcesBuildPhase section */

/* Begin PBXShellScriptBuildPhase section */
		4AE97D71C77AB4D02F60EEAE /* [CP] Copy Pods Resources */ = {
			isa = PBXShellScriptBuildPhase;
			buildActionMask = 2147483647;
			files = (
			);
			inputPaths = (
			);
			name = "[CP] Copy Pods Resources";
			outputPaths = (
			);
			runOnlyForDeploymentPostprocessing = 0;
			shellPath = /bin/sh;
			shellScript = "\"${SRCROOT}/Pods/Target Support Files/Pods-Behavorial Mapper/Pods-Behavorial Mapper-resources.sh\"\n";
			showEnvVarsInLog = 0;
		};
		D449D116B9C7E33F78D3DFCB /* [CP] Embed Pods Frameworks */ = {
			isa = PBXShellScriptBuildPhase;
			buildActionMask = 2147483647;
			files = (
			);
			inputPaths = (
			);
			name = "[CP] Embed Pods Frameworks";
			outputPaths = (
			);
			runOnlyForDeploymentPostprocessing = 0;
			shellPath = /bin/sh;
			shellScript = "\"${SRCROOT}/Pods/Target Support Files/Pods-Behavorial Mapper/Pods-Behavorial Mapper-frameworks.sh\"\n";
			showEnvVarsInLog = 0;
		};
		FA4E010EAFCB9D95A63BB2B9 /* [CP] Check Pods Manifest.lock */ = {
			isa = PBXShellScriptBuildPhase;
			buildActionMask = 2147483647;
			files = (
			);
			inputPaths = (
			);
			name = "[CP] Check Pods Manifest.lock";
			outputPaths = (
			);
			runOnlyForDeploymentPostprocessing = 0;
			shellPath = /bin/sh;
			shellScript = "diff \"${PODS_ROOT}/../Podfile.lock\" \"${PODS_ROOT}/Manifest.lock\" > /dev/null\nif [ $? != 0 ] ; then\n    # print error to STDERR\n    echo \"error: The sandbox is not in sync with the Podfile.lock. Run 'pod install' or update your CocoaPods installation.\" >&2\n    exit 1\nfi\n";
			showEnvVarsInLog = 0;
		};
/* End PBXShellScriptBuildPhase section */

/* Begin PBXSourcesBuildPhase section */
		1174CBA61E1E364800D6E59A /* Sources */ = {
			isa = PBXSourcesBuildPhase;
			buildActionMask = 2147483647;
			files = (
				11E06ECA1E2393ED00B43047 /* LegendButton.swift in Sources */,
				11E06EC61E2374F400B43047 /* CreateProjectVC.swift in Sources */,
				11E06EF61E261EBB00B43047 /* IconSelectVC.swift in Sources */,
				1174CBEA1E1E47AC00D6E59A /* Entry.swift in Sources */,
				1158F1CA1E2E2032002B3FEB /* EntryCell.swift in Sources */,
				112605181E2645A100DC3381 /* Constants.swift in Sources */,
				1174CBB61E1E364900D6E59A /* Behavorial_Mapper.xcdatamodeld in Sources */,
				1158F1CC1E2E3336002B3FEB /* MappingView.swift in Sources */,
				1174CBB01E1E364900D6E59A /* StartVC.swift in Sources */,
				A8EEA7271E2774D200FDE6E8 /* CSVSerializable.swift in Sources */,
				A882FC341E26178C00C7C1E0 /* GMapsVC.swift in Sources */,
				A841F3121E3609C300FD0120 /* JSONSerializable.swift in Sources */,
				1126051C1E27769400DC3381 /* MappingVC.swift in Sources */,
				1174CBE81E1E435100D6E59A /* Legend.swift in Sources */,
				11E06EF81E26294100B43047 /* IconCell.swift in Sources */,
				1126051E1E278A7300DC3381 /* Functions.swift in Sources */,
				112674811E3896D5001ED42F /* EntryNoteVC.swift in Sources */,
				112605201E279DE000DC3381 /* Style.swift in Sources */,
				1174CBAE1E1E364900D6E59A /* AppDelegate.swift in Sources */,
				11E06EC81E237BE600B43047 /* CreateProjectView.swift in Sources */,
				1174CBE61E1E41C100D6E59A /* Location.swift in Sources */,
				11FA8F841E1F8CA600B362AD /* StartScreenMenu.swift in Sources */,
				1174CBE21E1E3A9D00D6E59A /* Project.swift in Sources */,
				1126051A1E27708200DC3381 /* LegendCell.swift in Sources */,
				114122CB1E4320B100F664E8 /* MappingMenuVC.swift in Sources */,
			);
			runOnlyForDeploymentPostprocessing = 0;
		};
		1174CBBD1E1E364900D6E59A /* Sources */ = {
			isa = PBXSourcesBuildPhase;
			buildActionMask = 2147483647;
			files = (
				1174CBC61E1E364900D6E59A /* Behavorial_MapperTests.swift in Sources */,
			);
			runOnlyForDeploymentPostprocessing = 0;
		};
		1174CBC81E1E364900D6E59A /* Sources */ = {
			isa = PBXSourcesBuildPhase;
			buildActionMask = 2147483647;
			files = (
				1174CBD11E1E364900D6E59A /* Behavorial_MapperUITests.swift in Sources */,
			);
			runOnlyForDeploymentPostprocessing = 0;
		};
/* End PBXSourcesBuildPhase section */

/* Begin PBXTargetDependency section */
		1174CBC31E1E364900D6E59A /* PBXTargetDependency */ = {
			isa = PBXTargetDependency;
			target = 1174CBA91E1E364800D6E59A /* Behavorial Mapper */;
			targetProxy = 1174CBC21E1E364900D6E59A /* PBXContainerItemProxy */;
		};
		1174CBCE1E1E364900D6E59A /* PBXTargetDependency */ = {
			isa = PBXTargetDependency;
			target = 1174CBA91E1E364800D6E59A /* Behavorial Mapper */;
			targetProxy = 1174CBCD1E1E364900D6E59A /* PBXContainerItemProxy */;
		};
/* End PBXTargetDependency section */

/* Begin PBXVariantGroup section */
		1174CBB11E1E364900D6E59A /* Main.storyboard */ = {
			isa = PBXVariantGroup;
			children = (
				1174CBB21E1E364900D6E59A /* Base */,
			);
			name = Main.storyboard;
			sourceTree = "<group>";
		};
		1174CBB91E1E364900D6E59A /* LaunchScreen.storyboard */ = {
			isa = PBXVariantGroup;
			children = (
				1174CBBA1E1E364900D6E59A /* Base */,
			);
			name = LaunchScreen.storyboard;
			sourceTree = "<group>";
		};
/* End PBXVariantGroup section */

/* Begin XCBuildConfiguration section */
		1174CBD31E1E364900D6E59A /* Debug */ = {
			isa = XCBuildConfiguration;
			buildSettings = {
				ALWAYS_SEARCH_USER_PATHS = NO;
				CLANG_ANALYZER_NONNULL = YES;
				CLANG_CXX_LANGUAGE_STANDARD = "gnu++0x";
				CLANG_CXX_LIBRARY = "libc++";
				CLANG_ENABLE_MODULES = YES;
				CLANG_ENABLE_OBJC_ARC = YES;
				CLANG_WARN_BOOL_CONVERSION = YES;
				CLANG_WARN_CONSTANT_CONVERSION = YES;
				CLANG_WARN_DIRECT_OBJC_ISA_USAGE = YES_ERROR;
				CLANG_WARN_DOCUMENTATION_COMMENTS = YES;
				CLANG_WARN_EMPTY_BODY = YES;
				CLANG_WARN_ENUM_CONVERSION = YES;
				CLANG_WARN_INFINITE_RECURSION = YES;
				CLANG_WARN_INT_CONVERSION = YES;
				CLANG_WARN_OBJC_ROOT_CLASS = YES_ERROR;
				CLANG_WARN_SUSPICIOUS_MOVE = YES;
				CLANG_WARN_UNREACHABLE_CODE = YES;
				CLANG_WARN__DUPLICATE_METHOD_MATCH = YES;
				"CODE_SIGN_IDENTITY[sdk=iphoneos*]" = "iPhone Developer";
				COPY_PHASE_STRIP = NO;
				DEBUG_INFORMATION_FORMAT = dwarf;
				ENABLE_STRICT_OBJC_MSGSEND = YES;
				ENABLE_TESTABILITY = YES;
				GCC_C_LANGUAGE_STANDARD = gnu99;
				GCC_DYNAMIC_NO_PIC = NO;
				GCC_NO_COMMON_BLOCKS = YES;
				GCC_OPTIMIZATION_LEVEL = 0;
				GCC_PREPROCESSOR_DEFINITIONS = (
					"DEBUG=1",
					"$(inherited)",
				);
				GCC_WARN_64_TO_32_BIT_CONVERSION = YES;
				GCC_WARN_ABOUT_RETURN_TYPE = YES_ERROR;
				GCC_WARN_UNDECLARED_SELECTOR = YES;
				GCC_WARN_UNINITIALIZED_AUTOS = YES_AGGRESSIVE;
				GCC_WARN_UNUSED_FUNCTION = YES;
				GCC_WARN_UNUSED_VARIABLE = YES;
				IPHONEOS_DEPLOYMENT_TARGET = 10.2;
				MTL_ENABLE_DEBUG_INFO = YES;
				ONLY_ACTIVE_ARCH = YES;
				SDKROOT = iphoneos;
				SWIFT_ACTIVE_COMPILATION_CONDITIONS = DEBUG;
				SWIFT_OPTIMIZATION_LEVEL = "-Onone";
				TARGETED_DEVICE_FAMILY = 2;
			};
			name = Debug;
		};
		1174CBD41E1E364900D6E59A /* Release */ = {
			isa = XCBuildConfiguration;
			buildSettings = {
				ALWAYS_SEARCH_USER_PATHS = NO;
				CLANG_ANALYZER_NONNULL = YES;
				CLANG_CXX_LANGUAGE_STANDARD = "gnu++0x";
				CLANG_CXX_LIBRARY = "libc++";
				CLANG_ENABLE_MODULES = YES;
				CLANG_ENABLE_OBJC_ARC = YES;
				CLANG_WARN_BOOL_CONVERSION = YES;
				CLANG_WARN_CONSTANT_CONVERSION = YES;
				CLANG_WARN_DIRECT_OBJC_ISA_USAGE = YES_ERROR;
				CLANG_WARN_DOCUMENTATION_COMMENTS = YES;
				CLANG_WARN_EMPTY_BODY = YES;
				CLANG_WARN_ENUM_CONVERSION = YES;
				CLANG_WARN_INFINITE_RECURSION = YES;
				CLANG_WARN_INT_CONVERSION = YES;
				CLANG_WARN_OBJC_ROOT_CLASS = YES_ERROR;
				CLANG_WARN_SUSPICIOUS_MOVE = YES;
				CLANG_WARN_UNREACHABLE_CODE = YES;
				CLANG_WARN__DUPLICATE_METHOD_MATCH = YES;
				"CODE_SIGN_IDENTITY[sdk=iphoneos*]" = "iPhone Developer";
				COPY_PHASE_STRIP = NO;
				DEBUG_INFORMATION_FORMAT = "dwarf-with-dsym";
				ENABLE_NS_ASSERTIONS = NO;
				ENABLE_STRICT_OBJC_MSGSEND = YES;
				GCC_C_LANGUAGE_STANDARD = gnu99;
				GCC_NO_COMMON_BLOCKS = YES;
				GCC_WARN_64_TO_32_BIT_CONVERSION = YES;
				GCC_WARN_ABOUT_RETURN_TYPE = YES_ERROR;
				GCC_WARN_UNDECLARED_SELECTOR = YES;
				GCC_WARN_UNINITIALIZED_AUTOS = YES_AGGRESSIVE;
				GCC_WARN_UNUSED_FUNCTION = YES;
				GCC_WARN_UNUSED_VARIABLE = YES;
				IPHONEOS_DEPLOYMENT_TARGET = 10.2;
				MTL_ENABLE_DEBUG_INFO = NO;
				SDKROOT = iphoneos;
				SWIFT_OPTIMIZATION_LEVEL = "-Owholemodule";
				TARGETED_DEVICE_FAMILY = 2;
				VALIDATE_PRODUCT = YES;
			};
			name = Release;
		};
		1174CBD61E1E364900D6E59A /* Debug */ = {
			isa = XCBuildConfiguration;
			baseConfigurationReference = F325F1C274A16887904AB249 /* Pods-Behavorial Mapper.debug.xcconfig */;
			buildSettings = {
				ASSETCATALOG_COMPILER_APPICON_NAME = AppIcon;
				DEVELOPMENT_TEAM = CJPUPM74U8;
				INFOPLIST_FILE = "Behavorial Mapper/Info.plist";
				LD_RUNPATH_SEARCH_PATHS = "$(inherited) @executable_path/Frameworks";
				PRODUCT_BUNDLE_IDENTIFIER = "com.alexander.Behavorial-Mapper";
				PRODUCT_NAME = "$(TARGET_NAME)";
				SWIFT_VERSION = 3.0;
			};
			name = Debug;
		};
		1174CBD71E1E364900D6E59A /* Release */ = {
			isa = XCBuildConfiguration;
			baseConfigurationReference = 38458F48E9A1FC85C43A5D13 /* Pods-Behavorial Mapper.release.xcconfig */;
			buildSettings = {
				ASSETCATALOG_COMPILER_APPICON_NAME = AppIcon;
				DEVELOPMENT_TEAM = CJPUPM74U8;
				INFOPLIST_FILE = "Behavorial Mapper/Info.plist";
				LD_RUNPATH_SEARCH_PATHS = "$(inherited) @executable_path/Frameworks";
				PRODUCT_BUNDLE_IDENTIFIER = "com.alexander.Behavorial-Mapper";
				PRODUCT_NAME = "$(TARGET_NAME)";
				SWIFT_VERSION = 3.0;
			};
			name = Release;
		};
		1174CBD91E1E364900D6E59A /* Debug */ = {
			isa = XCBuildConfiguration;
			buildSettings = {
				ALWAYS_EMBED_SWIFT_STANDARD_LIBRARIES = YES;
				BUNDLE_LOADER = "$(TEST_HOST)";
				DEVELOPMENT_TEAM = CJPUPM74U8;
				INFOPLIST_FILE = "Behavorial MapperTests/Info.plist";
				LD_RUNPATH_SEARCH_PATHS = "$(inherited) @executable_path/Frameworks @loader_path/Frameworks";
				PRODUCT_BUNDLE_IDENTIFIER = "com.alexander.Behavorial-MapperTests";
				PRODUCT_NAME = "$(TARGET_NAME)";
				SWIFT_VERSION = 3.0;
				TEST_HOST = "$(BUILT_PRODUCTS_DIR)/Behavorial Mapper.app/Behavorial Mapper";
			};
			name = Debug;
		};
		1174CBDA1E1E364900D6E59A /* Release */ = {
			isa = XCBuildConfiguration;
			buildSettings = {
				ALWAYS_EMBED_SWIFT_STANDARD_LIBRARIES = YES;
				BUNDLE_LOADER = "$(TEST_HOST)";
				DEVELOPMENT_TEAM = CJPUPM74U8;
				INFOPLIST_FILE = "Behavorial MapperTests/Info.plist";
				LD_RUNPATH_SEARCH_PATHS = "$(inherited) @executable_path/Frameworks @loader_path/Frameworks";
				PRODUCT_BUNDLE_IDENTIFIER = "com.alexander.Behavorial-MapperTests";
				PRODUCT_NAME = "$(TARGET_NAME)";
				SWIFT_VERSION = 3.0;
				TEST_HOST = "$(BUILT_PRODUCTS_DIR)/Behavorial Mapper.app/Behavorial Mapper";
			};
			name = Release;
		};
		1174CBDC1E1E364900D6E59A /* Debug */ = {
			isa = XCBuildConfiguration;
			buildSettings = {
				ALWAYS_EMBED_SWIFT_STANDARD_LIBRARIES = YES;
				DEVELOPMENT_TEAM = CJPUPM74U8;
				INFOPLIST_FILE = "Behavorial MapperUITests/Info.plist";
				LD_RUNPATH_SEARCH_PATHS = "$(inherited) @executable_path/Frameworks @loader_path/Frameworks";
				PRODUCT_BUNDLE_IDENTIFIER = "com.alexander.Behavorial-MapperUITests";
				PRODUCT_NAME = "$(TARGET_NAME)";
				SWIFT_VERSION = 3.0;
				TEST_TARGET_NAME = "Behavorial Mapper";
			};
			name = Debug;
		};
		1174CBDD1E1E364900D6E59A /* Release */ = {
			isa = XCBuildConfiguration;
			buildSettings = {
				ALWAYS_EMBED_SWIFT_STANDARD_LIBRARIES = YES;
				DEVELOPMENT_TEAM = CJPUPM74U8;
				INFOPLIST_FILE = "Behavorial MapperUITests/Info.plist";
				LD_RUNPATH_SEARCH_PATHS = "$(inherited) @executable_path/Frameworks @loader_path/Frameworks";
				PRODUCT_BUNDLE_IDENTIFIER = "com.alexander.Behavorial-MapperUITests";
				PRODUCT_NAME = "$(TARGET_NAME)";
				SWIFT_VERSION = 3.0;
				TEST_TARGET_NAME = "Behavorial Mapper";
			};
			name = Release;
		};
/* End XCBuildConfiguration section */

/* Begin XCConfigurationList section */
		1174CBA51E1E364800D6E59A /* Build configuration list for PBXProject "Behavorial Mapper" */ = {
			isa = XCConfigurationList;
			buildConfigurations = (
				1174CBD31E1E364900D6E59A /* Debug */,
				1174CBD41E1E364900D6E59A /* Release */,
			);
			defaultConfigurationIsVisible = 0;
			defaultConfigurationName = Release;
		};
		1174CBD51E1E364900D6E59A /* Build configuration list for PBXNativeTarget "Behavorial Mapper" */ = {
			isa = XCConfigurationList;
			buildConfigurations = (
				1174CBD61E1E364900D6E59A /* Debug */,
				1174CBD71E1E364900D6E59A /* Release */,
			);
			defaultConfigurationIsVisible = 0;
			defaultConfigurationName = Release;
		};
		1174CBD81E1E364900D6E59A /* Build configuration list for PBXNativeTarget "Behavorial MapperTests" */ = {
			isa = XCConfigurationList;
			buildConfigurations = (
				1174CBD91E1E364900D6E59A /* Debug */,
				1174CBDA1E1E364900D6E59A /* Release */,
			);
			defaultConfigurationIsVisible = 0;
			defaultConfigurationName = Release;
		};
		1174CBDB1E1E364900D6E59A /* Build configuration list for PBXNativeTarget "Behavorial MapperUITests" */ = {
			isa = XCConfigurationList;
			buildConfigurations = (
				1174CBDC1E1E364900D6E59A /* Debug */,
				1174CBDD1E1E364900D6E59A /* Release */,
			);
			defaultConfigurationIsVisible = 0;
			defaultConfigurationName = Release;
		};
/* End XCConfigurationList section */

/* Begin XCVersionGroup section */
		1174CBB41E1E364900D6E59A /* Behavorial_Mapper.xcdatamodeld */ = {
			isa = XCVersionGroup;
			children = (
				1174CBB51E1E364900D6E59A /* Behavorial_Mapper.xcdatamodel */,
			);
			currentVersion = 1174CBB51E1E364900D6E59A /* Behavorial_Mapper.xcdatamodel */;
			path = Behavorial_Mapper.xcdatamodeld;
			sourceTree = "<group>";
			versionGroupType = wrapper.xcdatamodel;
		};
/* End XCVersionGroup section */
	};
	rootObject = 1174CBA21E1E364800D6E59A /* Project object */;
}
